{
  "pins" : [
    {
      "identity" : "alertx",
      "kind" : "remoteSourceControl",
      "location" : "https://github.com/neel-makhecha/AlertX.git",
      "state" : {
        "revision" : "8a360e662b6347735140b3216ff4aa5fe97af681",
        "version" : "1.2.1"
      }
    },
    {
      "identity" : "hydraswiftextensions",
      "kind" : "remoteSourceControl",
      "location" : "https://github.com/Hydra-Design/HydraSwiftExtensions",
      "state" : {
        "branch" : "main",
        "revision" : "2949efb54e9b77fef86e417bf7cf67c2d3e421ff"
      }
    }
  ],
  "version" : 2
}
