// !$*UTF8*$!
{
	archiveVersion = 1;
	classes = {
	};
	objectVersion = 56;
	objects = {

/* Begin PBXBuildFile section */
		001E0FD2291F5745008427ED /* FileManager.swift in Sources */ = {isa = PBXBuildFile; fileRef = 001E0FD1291F5745008427ED /* FileManager.swift */; };
		001E0FD4291F58EA008427ED /* MakeAQuiz.swift in Sources */ = {isa = PBXBuildFile; fileRef = 001E0FD3291F58EA008427ED /* MakeAQuiz.swift */; };
		00C1CDE5291C728F000072FD /* ShapePlusStyle.swift in Sources */ = {isa = PBXBuildFile; fileRef = 00C1CDE4291C728F000072FD /* ShapePlusStyle.swift */; };
		00C1CDE7291DB972000072FD /* RedditViewModel.swift in Sources */ = {isa = PBXBuildFile; fileRef = 00C1CDE6291DB972000072FD /* RedditViewModel.swift */; };
		00CD846D291B02530065653B /* MemiaApp.swift in Sources */ = {isa = PBXBuildFile; fileRef = 00CD846C291B02530065653B /* MemiaApp.swift */; };
		00CD846F291B02530065653B /* MainMenuView.swift in Sources */ = {isa = PBXBuildFile; fileRef = 00CD846E291B02530065653B /* MainMenuView.swift */; };
		00CD8471291B02530065653B /* Assets.xcassets in Resources */ = {isa = PBXBuildFile; fileRef = 00CD8470291B02530065653B /* Assets.xcassets */; };
		00CD8474291B02530065653B /* Preview Assets.xcassets in Resources */ = {isa = PBXBuildFile; fileRef = 00CD8473291B02530065653B /* Preview Assets.xcassets */; };
		00CD847E291B036E0065653B /* RedditMultipleChoiceQuiz.swift in Sources */ = {isa = PBXBuildFile; fileRef = 00CD847D291B036E0065653B /* RedditMultipleChoiceQuiz.swift */; };
		00CD8482291B03890065653B /* NerdModel.swift in Sources */ = {isa = PBXBuildFile; fileRef = 00CD8481291B03890065653B /* NerdModel.swift */; };
		00CD8484291B03960065653B /* PepePowerModel.swift in Sources */ = {isa = PBXBuildFile; fileRef = 00CD8483291B03960065653B /* PepePowerModel.swift */; };
		00CD8487291B045B0065653B /* PepePowerViewModel.swift in Sources */ = {isa = PBXBuildFile; fileRef = 00CD8486291B045B0065653B /* PepePowerViewModel.swift */; };
		00CD8489291B05730065653B /* Question.swift in Sources */ = {isa = PBXBuildFile; fileRef = 00CD8488291B05730065653B /* Question.swift */; };
		00CD848B291B0B6D0065653B /* MultipleChoiceQuiz.swift in Sources */ = {isa = PBXBuildFile; fileRef = 00CD848A291B0B6D0065653B /* MultipleChoiceQuiz.swift */; };
		00D545AF291EC667006191BD /* TwitchView.swift in Sources */ = {isa = PBXBuildFile; fileRef = 00D545AE291EC667006191BD /* TwitchView.swift */; };
		00D545B1291EC968006191BD /* RedditView.swift in Sources */ = {isa = PBXBuildFile; fileRef = 00D545B0291EC968006191BD /* RedditView.swift */; };
		00F0EB34291ECEE500194AA2 /* Acronym.swift in Sources */ = {isa = PBXBuildFile; fileRef = 00F0EB33291ECEE500194AA2 /* Acronym.swift */; };
		00F0EB38291EF6CC00194AA2 /* AcronymViewModel.swift in Sources */ = {isa = PBXBuildFile; fileRef = 00F0EB37291EF6CC00194AA2 /* AcronymViewModel.swift */; };
		00F0EB3A291EF70100194AA2 /* TextInputQuiz.swift in Sources */ = {isa = PBXBuildFile; fileRef = 00F0EB39291EF70100194AA2 /* TextInputQuiz.swift */; };
		00F0EB3C291EF7CE00194AA2 /* AcronymInputQuestion.swift in Sources */ = {isa = PBXBuildFile; fileRef = 00F0EB3B291EF7CE00194AA2 /* AcronymInputQuestion.swift */; };
		00F7F926291F149D00DC83F3 /* Shop.swift in Sources */ = {isa = PBXBuildFile; fileRef = 00F7F925291F149D00DC83F3 /* Shop.swift */; };
		00F7F928291F1E3800DC83F3 /* MainMenuViewModel.swift in Sources */ = {isa = PBXBuildFile; fileRef = 00F7F927291F1E3800DC83F3 /* MainMenuViewModel.swift */; };
		9061B449291FA30E00827448 /* Victory fanfare two (mediocre).mp3 in Resources */ = {isa = PBXBuildFile; fileRef = 9061B448291FA30E00827448 /* Victory fanfare two (mediocre).mp3 */; };
		9061B44B291FA37C00827448 /* victory fanfare.mp3 in Resources */ = {isa = PBXBuildFile; fileRef = 9061B44A291FA37C00827448 /* victory fanfare.mp3 */; };
		9061B44D291FA38400827448 /* victory fanfare 3 (horrid).mp3 in Resources */ = {isa = PBXBuildFile; fileRef = 9061B44C291FA38400827448 /* victory fanfare 3 (horrid).mp3 */; };
		9061B44F291FA38D00827448 /* interaction noise.mp3 in Resources */ = {isa = PBXBuildFile; fileRef = 9061B44E291FA38D00827448 /* interaction noise.mp3 */; };
		90B1EEC6291F052200D7AF1E /* HydraSwiftExtensions in Frameworks */ = {isa = PBXBuildFile; productRef = 90B1EEC5291F052200D7AF1E /* HydraSwiftExtensions */; };
		90B1EECC291F1B6100D7AF1E /* AlertX in Frameworks */ = {isa = PBXBuildFile; productRef = 90B1EECB291F1B6100D7AF1E /* AlertX */; };
/* End PBXBuildFile section */

/* Begin PBXFileReference section */
		001E0FD1291F5745008427ED /* FileManager.swift */ = {isa = PBXFileReference; lastKnownFileType = sourcecode.swift; path = FileManager.swift; sourceTree = "<group>"; };
		001E0FD3291F58EA008427ED /* MakeAQuiz.swift */ = {isa = PBXFileReference; lastKnownFileType = sourcecode.swift; path = MakeAQuiz.swift; sourceTree = "<group>"; };
		00C1CDE4291C728F000072FD /* ShapePlusStyle.swift */ = {isa = PBXFileReference; lastKnownFileType = sourcecode.swift; path = ShapePlusStyle.swift; sourceTree = "<group>"; };
		00C1CDE6291DB972000072FD /* RedditViewModel.swift */ = {isa = PBXFileReference; lastKnownFileType = sourcecode.swift; path = RedditViewModel.swift; sourceTree = "<group>"; };
		00CD8469291B02530065653B /* Memia.app */ = {isa = PBXFileReference; explicitFileType = wrapper.application; includeInIndex = 0; path = Memia.app; sourceTree = BUILT_PRODUCTS_DIR; };
		00CD846C291B02530065653B /* MemiaApp.swift */ = {isa = PBXFileReference; lastKnownFileType = sourcecode.swift; path = MemiaApp.swift; sourceTree = "<group>"; };
		00CD846E291B02530065653B /* MainMenuView.swift */ = {isa = PBXFileReference; lastKnownFileType = sourcecode.swift; path = MainMenuView.swift; sourceTree = "<group>"; };
		00CD8470291B02530065653B /* Assets.xcassets */ = {isa = PBXFileReference; lastKnownFileType = folder.assetcatalog; path = Assets.xcassets; sourceTree = "<group>"; };
		00CD8473291B02530065653B /* Preview Assets.xcassets */ = {isa = PBXFileReference; lastKnownFileType = folder.assetcatalog; path = "Preview Assets.xcassets"; sourceTree = "<group>"; };
		00CD847D291B036E0065653B /* RedditMultipleChoiceQuiz.swift */ = {isa = PBXFileReference; lastKnownFileType = sourcecode.swift; path = RedditMultipleChoiceQuiz.swift; sourceTree = "<group>"; };
		00CD8481291B03890065653B /* NerdModel.swift */ = {isa = PBXFileReference; lastKnownFileType = sourcecode.swift; path = NerdModel.swift; sourceTree = "<group>"; };
		00CD8483291B03960065653B /* PepePowerModel.swift */ = {isa = PBXFileReference; lastKnownFileType = sourcecode.swift; path = PepePowerModel.swift; sourceTree = "<group>"; };
		00CD8486291B045B0065653B /* PepePowerViewModel.swift */ = {isa = PBXFileReference; lastKnownFileType = sourcecode.swift; path = PepePowerViewModel.swift; sourceTree = "<group>"; };
		00CD8488291B05730065653B /* Question.swift */ = {isa = PBXFileReference; lastKnownFileType = sourcecode.swift; path = Question.swift; sourceTree = "<group>"; };
		00CD848A291B0B6D0065653B /* MultipleChoiceQuiz.swift */ = {isa = PBXFileReference; lastKnownFileType = sourcecode.swift; path = MultipleChoiceQuiz.swift; sourceTree = "<group>"; };
		00D545AE291EC667006191BD /* TwitchView.swift */ = {isa = PBXFileReference; lastKnownFileType = sourcecode.swift; path = TwitchView.swift; sourceTree = "<group>"; };
		00D545B0291EC968006191BD /* RedditView.swift */ = {isa = PBXFileReference; lastKnownFileType = sourcecode.swift; path = RedditView.swift; sourceTree = "<group>"; };
		00F0EB33291ECEE500194AA2 /* Acronym.swift */ = {isa = PBXFileReference; lastKnownFileType = sourcecode.swift; path = Acronym.swift; sourceTree = "<group>"; };
		00F0EB37291EF6CC00194AA2 /* AcronymViewModel.swift */ = {isa = PBXFileReference; lastKnownFileType = sourcecode.swift; path = AcronymViewModel.swift; sourceTree = "<group>"; };
		00F0EB39291EF70100194AA2 /* TextInputQuiz.swift */ = {isa = PBXFileReference; lastKnownFileType = sourcecode.swift; path = TextInputQuiz.swift; sourceTree = "<group>"; };
		00F0EB3B291EF7CE00194AA2 /* AcronymInputQuestion.swift */ = {isa = PBXFileReference; lastKnownFileType = sourcecode.swift; path = AcronymInputQuestion.swift; sourceTree = "<group>"; };
		00F7F925291F149D00DC83F3 /* Shop.swift */ = {isa = PBXFileReference; lastKnownFileType = sourcecode.swift; path = Shop.swift; sourceTree = "<group>"; };
		00F7F927291F1E3800DC83F3 /* MainMenuViewModel.swift */ = {isa = PBXFileReference; lastKnownFileType = sourcecode.swift; path = MainMenuViewModel.swift; sourceTree = "<group>"; };
		9061B448291FA30E00827448 /* Victory fanfare two (mediocre).mp3 */ = {isa = PBXFileReference; lastKnownFileType = audio.mp3; name = "Victory fanfare two (mediocre).mp3"; path = "../../../../../Downloads/Victory fanfare two (mediocre).mp3"; sourceTree = "<group>"; };
		9061B44A291FA37C00827448 /* victory fanfare.mp3 */ = {isa = PBXFileReference; lastKnownFileType = audio.mp3; path = "victory fanfare.mp3"; sourceTree = "<group>"; };
		9061B44C291FA38400827448 /* victory fanfare 3 (horrid).mp3 */ = {isa = PBXFileReference; lastKnownFileType = audio.mp3; path = "victory fanfare 3 (horrid).mp3"; sourceTree = "<group>"; };
		9061B44E291FA38D00827448 /* interaction noise.mp3 */ = {isa = PBXFileReference; lastKnownFileType = audio.mp3; path = "interaction noise.mp3"; sourceTree = "<group>"; };
/* End PBXFileReference section */

/* Begin PBXFrameworksBuildPhase section */
		00CD8466291B02530065653B /* Frameworks */ = {
			isa = PBXFrameworksBuildPhase;
			buildActionMask = 2147483647;
			files = (
				90B1EECC291F1B6100D7AF1E /* AlertX in Frameworks */,
				90B1EEC6291F052200D7AF1E /* HydraSwiftExtensions in Frameworks */,
			);
			runOnlyForDeploymentPostprocessing = 0;
		};
/* End PBXFrameworksBuildPhase section */

/* Begin PBXGroup section */
		00CD8460291B02530065653B = {
			isa = PBXGroup;
			children = (
				00CD846B291B02530065653B /* Memia */,
				00CD846A291B02530065653B /* Products */,
			);
			sourceTree = "<group>";
		};
		00CD846A291B02530065653B /* Products */ = {
			isa = PBXGroup;
			children = (
				00CD8469291B02530065653B /* Memia.app */,
			);
			name = Products;
			sourceTree = "<group>";
		};
		00CD846B291B02530065653B /* Memia */ = {
			isa = PBXGroup;
			children = (
				9061B44E291FA38D00827448 /* interaction noise.mp3 */,
				9061B44A291FA37C00827448 /* victory fanfare.mp3 */,
				9061B448291FA30E00827448 /* Victory fanfare two (mediocre).mp3 */,
				9061B44C291FA38400827448 /* victory fanfare 3 (horrid).mp3 */,
				001E0FD1291F5745008427ED /* FileManager.swift */,
				00CD847B291B02E60065653B /* Model */,
				00CD847C291B03340065653B /* View Model */,
				00CD847A291B02CE0065653B /* View */,
				00CD8485291B03D50065653B /* Extensions */,
				00CD846C291B02530065653B /* MemiaApp.swift */,
				00CD8470291B02530065653B /* Assets.xcassets */,
				00CD8472291B02530065653B /* Preview Content */,
			);
			path = Memia;
			sourceTree = "<group>";
		};
		00CD8472291B02530065653B /* Preview Content */ = {
			isa = PBXGroup;
			children = (
				00CD8473291B02530065653B /* Preview Assets.xcassets */,
			);
			path = "Preview Content";
			sourceTree = "<group>";
		};
		00CD847A291B02CE0065653B /* View */ = {
			isa = PBXGroup;
			children = (
				00CD846E291B02530065653B /* MainMenuView.swift */,
				00D545AE291EC667006191BD /* TwitchView.swift */,
				00D545B0291EC968006191BD /* RedditView.swift */,
				00F0EB33291ECEE500194AA2 /* Acronym.swift */,
				00F7F925291F149D00DC83F3 /* Shop.swift */,
				001E0FD3291F58EA008427ED /* MakeAQuiz.swift */,
			);
			path = View;
			sourceTree = "<group>";
		};
		00CD847B291B02E60065653B /* Model */ = {
			isa = PBXGroup;
			children = (
				90628CE8291FC55500C92757 /* UnusedModels */,
				00CD847D291B036E0065653B /* RedditMultipleChoiceQuiz.swift */,
				00CD8483291B03960065653B /* PepePowerModel.swift */,
				00CD848A291B0B6D0065653B /* MultipleChoiceQuiz.swift */,
				00F0EB39291EF70100194AA2 /* TextInputQuiz.swift */,
				00F0EB3B291EF7CE00194AA2 /* AcronymInputQuestion.swift */,
				00CD8488291B05730065653B /* Question.swift */,
			);
			path = Model;
			sourceTree = "<group>";
		};
		00CD847C291B03340065653B /* View Model */ = {
			isa = PBXGroup;
			children = (
				00CD8486291B045B0065653B /* PepePowerViewModel.swift */,
				00C1CDE6291DB972000072FD /* RedditViewModel.swift */,
				00F0EB37291EF6CC00194AA2 /* AcronymViewModel.swift */,
				00F7F927291F1E3800DC83F3 /* MainMenuViewModel.swift */,
			);
			path = "View Model";
			sourceTree = "<group>";
		};
		00CD8485291B03D50065653B /* Extensions */ = {
			isa = PBXGroup;
			children = (
				00C1CDE4291C728F000072FD /* ShapePlusStyle.swift */,
			);
			path = Extensions;
			sourceTree = "<group>";
		};
		90628CE8291FC55500C92757 /* UnusedModels */ = {
			isa = PBXGroup;
			children = (
				00CD8481291B03890065653B /* NerdModel.swift */,
			);
			path = UnusedModels;
			sourceTree = "<group>";
		};
/* End PBXGroup section */

/* Begin PBXNativeTarget section */
		00CD8468291B02530065653B /* Memia */ = {
			isa = PBXNativeTarget;
			buildConfigurationList = 00CD8477291B02530065653B /* Build configuration list for PBXNativeTarget "Memia" */;
			buildPhases = (
				00CD8465291B02530065653B /* Sources */,
				00CD8466291B02530065653B /* Frameworks */,
				00CD8467291B02530065653B /* Resources */,
			);
			buildRules = (
			);
			dependencies = (
			);
			name = Memia;
			packageProductDependencies = (
				90B1EEC5291F052200D7AF1E /* HydraSwiftExtensions */,
				90B1EECB291F1B6100D7AF1E /* AlertX */,
			);
			productName = Memia;
			productReference = 00CD8469291B02530065653B /* Memia.app */;
			productType = "com.apple.product-type.application";
		};
/* End PBXNativeTarget section */

/* Begin PBXProject section */
		00CD8461291B02530065653B /* Project object */ = {
			isa = PBXProject;
			attributes = {
				BuildIndependentTargetsInParallel = 1;
				LastSwiftUpdateCheck = 1410;
				LastUpgradeCheck = 1410;
				TargetAttributes = {
					00CD8468291B02530065653B = {
						CreatedOnToolsVersion = 14.1;
					};
				};
			};
			buildConfigurationList = 00CD8464291B02530065653B /* Build configuration list for PBXProject "Memia" */;
			compatibilityVersion = "Xcode 14.0";
			developmentRegion = en;
			hasScannedForEncodings = 0;
			knownRegions = (
				en,
				Base,
			);
			mainGroup = 00CD8460291B02530065653B;
			packageReferences = (
				90B1EEC4291F052200D7AF1E /* XCRemoteSwiftPackageReference "HydraSwiftExtensions" */,
				90B1EECA291F1B6100D7AF1E /* XCRemoteSwiftPackageReference "AlertX" */,
			);
			productRefGroup = 00CD846A291B02530065653B /* Products */;
			projectDirPath = "";
			projectRoot = "";
			targets = (
				00CD8468291B02530065653B /* Memia */,
			);
		};
/* End PBXProject section */

/* Begin PBXResourcesBuildPhase section */
		00CD8467291B02530065653B /* Resources */ = {
			isa = PBXResourcesBuildPhase;
			buildActionMask = 2147483647;
			files = (
				9061B44B291FA37C00827448 /* victory fanfare.mp3 in Resources */,
				00CD8474291B02530065653B /* Preview Assets.xcassets in Resources */,
				00CD8471291B02530065653B /* Assets.xcassets in Resources */,
				9061B44F291FA38D00827448 /* interaction noise.mp3 in Resources */,
				9061B449291FA30E00827448 /* Victory fanfare two (mediocre).mp3 in Resources */,
				9061B44D291FA38400827448 /* victory fanfare 3 (horrid).mp3 in Resources */,
			);
			runOnlyForDeploymentPostprocessing = 0;
		};
/* End PBXResourcesBuildPhase section */

/* Begin PBXSourcesBuildPhase section */
		00CD8465291B02530065653B /* Sources */ = {
			isa = PBXSourcesBuildPhase;
			buildActionMask = 2147483647;
			files = (
				00CD846F291B02530065653B /* MainMenuView.swift in Sources */,
				00D545AF291EC667006191BD /* TwitchView.swift in Sources */,
				001E0FD4291F58EA008427ED /* MakeAQuiz.swift in Sources */,
				00F0EB34291ECEE500194AA2 /* Acronym.swift in Sources */,
				00D545B1291EC968006191BD /* RedditView.swift in Sources */,
				00CD8489291B05730065653B /* Question.swift in Sources */,
				00CD8484291B03960065653B /* PepePowerModel.swift in Sources */,
				00F0EB3C291EF7CE00194AA2 /* AcronymInputQuestion.swift in Sources */,
				00C1CDE5291C728F000072FD /* ShapePlusStyle.swift in Sources */,
				00F7F928291F1E3800DC83F3 /* MainMenuViewModel.swift in Sources */,
				001E0FD2291F5745008427ED /* FileManager.swift in Sources */,
				00F0EB38291EF6CC00194AA2 /* AcronymViewModel.swift in Sources */,
				00F7F926291F149D00DC83F3 /* Shop.swift in Sources */,
				00CD847E291B036E0065653B /* RedditMultipleChoiceQuiz.swift in Sources */,
				00CD846D291B02530065653B /* MemiaApp.swift in Sources */,
				00CD848B291B0B6D0065653B /* MultipleChoiceQuiz.swift in Sources */,
				00C1CDE7291DB972000072FD /* RedditViewModel.swift in Sources */,
				00F0EB3A291EF70100194AA2 /* TextInputQuiz.swift in Sources */,
				00CD8482291B03890065653B /* NerdModel.swift in Sources */,
				00CD8487291B045B0065653B /* PepePowerViewModel.swift in Sources */,
			);
			runOnlyForDeploymentPostprocessing = 0;
		};
/* End PBXSourcesBuildPhase section */

/* Begin XCBuildConfiguration section */
		00CD8475291B02530065653B /* Debug */ = {
			isa = XCBuildConfiguration;
			buildSettings = {
				ALWAYS_SEARCH_USER_PATHS = NO;
				CLANG_ANALYZER_NONNULL = YES;
				CLANG_ANALYZER_NUMBER_OBJECT_CONVERSION = YES_AGGRESSIVE;
				CLANG_CXX_LANGUAGE_STANDARD = "gnu++20";
				CLANG_ENABLE_MODULES = YES;
				CLANG_ENABLE_OBJC_ARC = YES;
				CLANG_ENABLE_OBJC_WEAK = YES;
				CLANG_WARN_BLOCK_CAPTURE_AUTORELEASING = YES;
				CLANG_WARN_BOOL_CONVERSION = YES;
				CLANG_WARN_COMMA = YES;
				CLANG_WARN_CONSTANT_CONVERSION = YES;
				CLANG_WARN_DEPRECATED_OBJC_IMPLEMENTATIONS = YES;
				CLANG_WARN_DIRECT_OBJC_ISA_USAGE = YES_ERROR;
				CLANG_WARN_DOCUMENTATION_COMMENTS = YES;
				CLANG_WARN_EMPTY_BODY = YES;
				CLANG_WARN_ENUM_CONVERSION = YES;
				CLANG_WARN_INFINITE_RECURSION = YES;
				CLANG_WARN_INT_CONVERSION = YES;
				CLANG_WARN_NON_LITERAL_NULL_CONVERSION = YES;
				CLANG_WARN_OBJC_IMPLICIT_RETAIN_SELF = YES;
				CLANG_WARN_OBJC_LITERAL_CONVERSION = YES;
				CLANG_WARN_OBJC_ROOT_CLASS = YES_ERROR;
				CLANG_WARN_QUOTED_INCLUDE_IN_FRAMEWORK_HEADER = YES;
				CLANG_WARN_RANGE_LOOP_ANALYSIS = YES;
				CLANG_WARN_STRICT_PROTOTYPES = YES;
				CLANG_WARN_SUSPICIOUS_MOVE = YES;
				CLANG_WARN_UNGUARDED_AVAILABILITY = YES_AGGRESSIVE;
				CLANG_WARN_UNREACHABLE_CODE = YES;
				CLANG_WARN__DUPLICATE_METHOD_MATCH = YES;
				COPY_PHASE_STRIP = NO;
				DEBUG_INFORMATION_FORMAT = dwarf;
				ENABLE_STRICT_OBJC_MSGSEND = YES;
				ENABLE_TESTABILITY = YES;
				GCC_C_LANGUAGE_STANDARD = gnu11;
				GCC_DYNAMIC_NO_PIC = NO;
				GCC_NO_COMMON_BLOCKS = YES;
				GCC_OPTIMIZATION_LEVEL = 0;
				GCC_PREPROCESSOR_DEFINITIONS = (
					"DEBUG=1",
					"$(inherited)",
				);
				GCC_WARN_64_TO_32_BIT_CONVERSION = YES;
				GCC_WARN_ABOUT_RETURN_TYPE = YES_ERROR;
				GCC_WARN_UNDECLARED_SELECTOR = YES;
				GCC_WARN_UNINITIALIZED_AUTOS = YES_AGGRESSIVE;
				GCC_WARN_UNUSED_FUNCTION = YES;
				GCC_WARN_UNUSED_VARIABLE = YES;
				IPHONEOS_DEPLOYMENT_TARGET = 16.1;
				MTL_ENABLE_DEBUG_INFO = INCLUDE_SOURCE;
				MTL_FAST_MATH = YES;
				ONLY_ACTIVE_ARCH = YES;
				SDKROOT = iphoneos;
				SWIFT_ACTIVE_COMPILATION_CONDITIONS = DEBUG;
				SWIFT_OPTIMIZATION_LEVEL = "-Onone";
			};
			name = Debug;
		};
		00CD8476291B02530065653B /* Release */ = {
			isa = XCBuildConfiguration;
			buildSettings = {
				ALWAYS_SEARCH_USER_PATHS = NO;
				CLANG_ANALYZER_NONNULL = YES;
				CLANG_ANALYZER_NUMBER_OBJECT_CONVERSION = YES_AGGRESSIVE;
				CLANG_CXX_LANGUAGE_STANDARD = "gnu++20";
				CLANG_ENABLE_MODULES = YES;
				CLANG_ENABLE_OBJC_ARC = YES;
				CLANG_ENABLE_OBJC_WEAK = YES;
				CLANG_WARN_BLOCK_CAPTURE_AUTORELEASING = YES;
				CLANG_WARN_BOOL_CONVERSION = YES;
				CLANG_WARN_COMMA = YES;
				CLANG_WARN_CONSTANT_CONVERSION = YES;
				CLANG_WARN_DEPRECATED_OBJC_IMPLEMENTATIONS = YES;
				CLANG_WARN_DIRECT_OBJC_ISA_USAGE = YES_ERROR;
				CLANG_WARN_DOCUMENTATION_COMMENTS = YES;
				CLANG_WARN_EMPTY_BODY = YES;
				CLANG_WARN_ENUM_CONVERSION = YES;
				CLANG_WARN_INFINITE_RECURSION = YES;
				CLANG_WARN_INT_CONVERSION = YES;
				CLANG_WARN_NON_LITERAL_NULL_CONVERSION = YES;
				CLANG_WARN_OBJC_IMPLICIT_RETAIN_SELF = YES;
				CLANG_WARN_OBJC_LITERAL_CONVERSION = YES;
				CLANG_WARN_OBJC_ROOT_CLASS = YES_ERROR;
				CLANG_WARN_QUOTED_INCLUDE_IN_FRAMEWORK_HEADER = YES;
				CLANG_WARN_RANGE_LOOP_ANALYSIS = YES;
				CLANG_WARN_STRICT_PROTOTYPES = YES;
				CLANG_WARN_SUSPICIOUS_MOVE = YES;
				CLANG_WARN_UNGUARDED_AVAILABILITY = YES_AGGRESSIVE;
				CLANG_WARN_UNREACHABLE_CODE = YES;
				CLANG_WARN__DUPLICATE_METHOD_MATCH = YES;
				COPY_PHASE_STRIP = NO;
				DEBUG_INFORMATION_FORMAT = "dwarf-with-dsym";
				ENABLE_NS_ASSERTIONS = NO;
				ENABLE_STRICT_OBJC_MSGSEND = YES;
				GCC_C_LANGUAGE_STANDARD = gnu11;
				GCC_NO_COMMON_BLOCKS = YES;
				GCC_WARN_64_TO_32_BIT_CONVERSION = YES;
				GCC_WARN_ABOUT_RETURN_TYPE = YES_ERROR;
				GCC_WARN_UNDECLARED_SELECTOR = YES;
				GCC_WARN_UNINITIALIZED_AUTOS = YES_AGGRESSIVE;
				GCC_WARN_UNUSED_FUNCTION = YES;
				GCC_WARN_UNUSED_VARIABLE = YES;
				IPHONEOS_DEPLOYMENT_TARGET = 16.1;
				MTL_ENABLE_DEBUG_INFO = NO;
				MTL_FAST_MATH = YES;
				SDKROOT = iphoneos;
				SWIFT_COMPILATION_MODE = wholemodule;
				SWIFT_OPTIMIZATION_LEVEL = "-O";
				VALIDATE_PRODUCT = YES;
			};
			name = Release;
		};
		00CD8478291B02530065653B /* Debug */ = {
			isa = XCBuildConfiguration;
			buildSettings = {
				ASSETCATALOG_COMPILER_APPICON_NAME = AppIcon;
				ASSETCATALOG_COMPILER_GLOBAL_ACCENT_COLOR_NAME = AccentColor;
				CODE_SIGN_STYLE = Automatic;
				CURRENT_PROJECT_VERSION = 1;
				DEVELOPMENT_ASSET_PATHS = "\"Memia/Preview Content\"";
				DEVELOPMENT_TEAM = CL6V8SSV4Z;
				ENABLE_PREVIEWS = YES;
				GENERATE_INFOPLIST_FILE = YES;
				INFOPLIST_KEY_UIApplicationSceneManifest_Generation = YES;
				INFOPLIST_KEY_UIApplicationSupportsIndirectInputEvents = YES;
				INFOPLIST_KEY_UILaunchScreen_Generation = YES;
				INFOPLIST_KEY_UISupportedInterfaceOrientations_iPad = "UIInterfaceOrientationPortrait UIInterfaceOrientationPortraitUpsideDown UIInterfaceOrientationLandscapeLeft UIInterfaceOrientationLandscapeRight";
				INFOPLIST_KEY_UISupportedInterfaceOrientations_iPhone = "UIInterfaceOrientationPortrait UIInterfaceOrientationLandscapeLeft UIInterfaceOrientationLandscapeRight";
				LD_RUNPATH_SEARCH_PATHS = (
					"$(inherited)",
					"@executable_path/Frameworks",
				);
				MARKETING_VERSION = 1.0;
				PRODUCT_BUNDLE_IDENTIFIER = edu.DixieTech.Pdover0181.Memia;
				PRODUCT_NAME = "$(TARGET_NAME)";
				SWIFT_EMIT_LOC_STRINGS = YES;
				SWIFT_VERSION = 5.0;
				TARGETED_DEVICE_FAMILY = "1,2";
			};
			name = Debug;
		};
		00CD8479291B02530065653B /* Release */ = {
			isa = XCBuildConfiguration;
			buildSettings = {
				ASSETCATALOG_COMPILER_APPICON_NAME = AppIcon;
				ASSETCATALOG_COMPILER_GLOBAL_ACCENT_COLOR_NAME = AccentColor;
				CODE_SIGN_STYLE = Automatic;
				CURRENT_PROJECT_VERSION = 1;
				DEVELOPMENT_ASSET_PATHS = "\"Memia/Preview Content\"";
				DEVELOPMENT_TEAM = CL6V8SSV4Z;
				ENABLE_PREVIEWS = YES;
				GENERATE_INFOPLIST_FILE = YES;
				INFOPLIST_KEY_UIApplicationSceneManifest_Generation = YES;
				INFOPLIST_KEY_UIApplicationSupportsIndirectInputEvents = YES;
				INFOPLIST_KEY_UILaunchScreen_Generation = YES;
				INFOPLIST_KEY_UISupportedInterfaceOrientations_iPad = "UIInterfaceOrientationPortrait UIInterfaceOrientationPortraitUpsideDown UIInterfaceOrientationLandscapeLeft UIInterfaceOrientationLandscapeRight";
				INFOPLIST_KEY_UISupportedInterfaceOrientations_iPhone = "UIInterfaceOrientationPortrait UIInterfaceOrientationLandscapeLeft UIInterfaceOrientationLandscapeRight";
				LD_RUNPATH_SEARCH_PATHS = (
					"$(inherited)",
					"@executable_path/Frameworks",
				);
				MARKETING_VERSION = 1.0;
				PRODUCT_BUNDLE_IDENTIFIER = edu.DixieTech.Pdover0181.Memia;
				PRODUCT_NAME = "$(TARGET_NAME)";
				SWIFT_EMIT_LOC_STRINGS = YES;
				SWIFT_VERSION = 5.0;
				TARGETED_DEVICE_FAMILY = "1,2";
			};
			name = Release;
		};
/* End XCBuildConfiguration section */

/* Begin XCConfigurationList section */
		00CD8464291B02530065653B /* Build configuration list for PBXProject "Memia" */ = {
			isa = XCConfigurationList;
			buildConfigurations = (
				00CD8475291B02530065653B /* Debug */,
				00CD8476291B02530065653B /* Release */,
			);
			defaultConfigurationIsVisible = 0;
			defaultConfigurationName = Release;
		};
		00CD8477291B02530065653B /* Build configuration list for PBXNativeTarget "Memia" */ = {
			isa = XCConfigurationList;
			buildConfigurations = (
				00CD8478291B02530065653B /* Debug */,
				00CD8479291B02530065653B /* Release */,
			);
			defaultConfigurationIsVisible = 0;
			defaultConfigurationName = Release;
		};
/* End XCConfigurationList section */

/* Begin XCRemoteSwiftPackageReference section */
		90B1EEC4291F052200D7AF1E /* XCRemoteSwiftPackageReference "HydraSwiftExtensions" */ = {
			isa = XCRemoteSwiftPackageReference;
			repositoryURL = "https://github.com/Hydra-Design/HydraSwiftExtensions";
			requirement = {
				branch = main;
				kind = branch;
			};
		};
		90B1EECA291F1B6100D7AF1E /* XCRemoteSwiftPackageReference "AlertX" */ = {
			isa = XCRemoteSwiftPackageReference;
			repositoryURL = "https://github.com/neel-makhecha/AlertX.git";
			requirement = {
				kind = upToNextMajorVersion;
				minimumVersion = 1.0.0;
			};
		};
/* End XCRemoteSwiftPackageReference section */

/* Begin XCSwiftPackageProductDependency section */
		90B1EEC5291F052200D7AF1E /* HydraSwiftExtensions */ = {
			isa = XCSwiftPackageProductDependency;
			package = 90B1EEC4291F052200D7AF1E /* XCRemoteSwiftPackageReference "HydraSwiftExtensions" */;
			productName = HydraSwiftExtensions;
		};
		90B1EECB291F1B6100D7AF1E /* AlertX */ = {
			isa = XCSwiftPackageProductDependency;
			package = 90B1EECA291F1B6100D7AF1E /* XCRemoteSwiftPackageReference "AlertX" */;
			productName = AlertX;
		};
/* End XCSwiftPackageProductDependency section */
	};
	rootObject = 00CD8461291B02530065653B /* Project object */;
}
